
Microsoft Visual Studio Solution File, Format Version 12.00
# Visual Studio Version 16
VisualStudioVersion = 16.0.29306.81
MinimumVisualStudioVersion = 10.0.40219.1
Project("{FAE04EC0-301F-11D3-BF4B-00C04F79EFBC}") = "IndexSequence16s", "IndexSequence16s.csproj", "{4DF834C3-9ACD-4483-8978-344C594AEFF5}"
EndProject
Global
	GlobalSection(SolutionConfigurationPlatforms) = preSolution
		Debug|Any CPU = Debug|Any CPU
		Release|Any CPU = Release|Any CPU
	EndGlobalSection
	GlobalSection(ProjectConfigurationPlatforms) = postSolution
		{4DF834C3-9ACD-4483-8978-344C594AEFF5}.Debug|Any CPU.ActiveCfg = Debug|Any CPU
		{4DF834C3-9ACD-4483-8978-344C594AEFF5}.Debug|Any CPU.Build.0 = Debug|Any CPU
		{4DF834C3-9ACD-4483-8978-344C594AEFF5}.Release|Any CPU.ActiveCfg = Release|Any CPU
		{4DF834C3-9ACD-4483-8978-344C594AEFF5}.Release|Any CPU.Build.0 = Release|Any CPU
	EndGlobalSection
	GlobalSection(SolutionProperties) = preSolution
		HideSolutionNode = FALSE
	EndGlobalSection
	GlobalSection(ExtensibilityGlobals) = postSolution
		SolutionGuid = {6531764B-495B-46E1-98F3-CD4D22B4B299}
	EndGlobalSection
EndGlobal
